// !$*UTF8*$!
{
	archiveVersion = 1;
	classes = {
	};
	objectVersion = 77;
	objects = {

/* Begin PBXBuildFile section */
		07A99EC0F9960AA5B7C99E4E /* SettingsView.swift in Sources */ = {isa = PBXBuildFile; fileRef = 2CF0F37BF2684ED2F9B58CC3 /* SettingsView.swift */; };
		0A484AC39EFFBEF58EE76E12 /* EmptyStateView.swift in Sources */ = {isa = PBXBuildFile; fileRef = B757114323F71B2AD03A5586 /* EmptyStateView.swift */; };
		0AE61FA497F42883C78A9834 /* OpenAICompatibleProvider.swift in Sources */ = {isa = PBXBuildFile; fileRef = 255B8684A5BF0D0D12033688 /* OpenAICompatibleProvider.swift */; };
		0F94E1288165FAAB4DC3A1CA /* TranscriptionEngine.swift in Sources */ = {isa = PBXBuildFile; fileRef = 92981F8A0A69E02E681C573A /* TranscriptionEngine.swift */; };
		10B51903CF2941BD8D85649C /* ChatDataModels.swift in Sources */ = {isa = PBXBuildFile; fileRef = CD5A4576EC468417CFB0CF5A /* ChatDataModels.swift */; };
		12B30938F8CC9346FBF48B3C /* AIProviderConfig.swift in Sources */ = {isa = PBXBuildFile; fileRef = F939867A8E44FB5F3697E7E3 /* AIProviderConfig.swift */; };
		221F7FCF713B1C07752EC989 /* Meeting.swift in Sources */ = {isa = PBXBuildFile; fileRef = 3381E273EE8165E6F7510686 /* Meeting.swift */; };
		2802252097D1041955294114 /* AIProvider.swift in Sources */ = {isa = PBXBuildFile; fileRef = 1BB9787774CF93ED4A680AB9 /* AIProvider.swift */; };
		2C04D6013E4B7FC8464BCC9C /* ChatViewModel.swift in Sources */ = {isa = PBXBuildFile; fileRef = B1BC0FF333C9CE8F153C4CE4 /* ChatViewModel.swift */; };
		2E4F2BAE8292BD5C534868EC /* JSONExporter.swift in Sources */ = {isa = PBXBuildFile; fileRef = E2D668D48F1992BA24FE7E81 /* JSONExporter.swift */; };
		445AA0F12B8209D6F11A6A4E /* ProviderConnectView.swift in Sources */ = {isa = PBXBuildFile; fileRef = 2CCF082E9AB120A1FFC9563A /* ProviderConnectView.swift */; };
		46F74F9267740AE41DDFD437 /* ProviderCard.swift in Sources */ = {isa = PBXBuildFile; fileRef = 76B40EFCCC4BDCA3C1C5D165 /* ProviderCard.swift */; };
		4859FF5D6289B629A3A7DBA5 /* Assets.xcassets in Resources */ = {isa = PBXBuildFile; fileRef = 7394D93A2BF19F119E4FB10E /* Assets.xcassets */; };
		4960EFFDC330AFA44B5E1766 /* ChatModels.swift in Sources */ = {isa = PBXBuildFile; fileRef = 82620239935DFA90CA53D65F /* ChatModels.swift */; };
		4AFCC0EF21E9853BF95F50FA /* ProviderTemplates.swift in Sources */ = {isa = PBXBuildFile; fileRef = 832902E7908176DA271EE9E4 /* ProviderTemplates.swift */; };
		4C9AAD69BD289F535AFC2AB1 /* AudioFileWriter.swift in Sources */ = {isa = PBXBuildFile; fileRef = C4EAB7C1FE1601DD8473DBF4 /* AudioFileWriter.swift */; };
		54628D8C5394C85795435F45 /* AudioPlaybackService.swift in Sources */ = {isa = PBXBuildFile; fileRef = D4DE34831F1FE972A9B5D6AF /* AudioPlaybackService.swift */; };
		5B65FBB510F9527769B0ECE8 /* AnalysisService.swift in Sources */ = {isa = PBXBuildFile; fileRef = E8DB1AF126EA25694D111839 /* AnalysisService.swift */; };
		5C1098429C228635F15A2FE5 /* RecordView.swift in Sources */ = {isa = PBXBuildFile; fileRef = 8F15EECBF6224A79D93FC663 /* RecordView.swift */; };
		6810CC7AB6BF2329C07396CA /* SwiftDataModels.swift in Sources */ = {isa = PBXBuildFile; fileRef = 7232D65E17087052EE11FFA8 /* SwiftDataModels.swift */; };
		69B8E6420F6946E9F47AB07E /* ProviderEditorView.swift in Sources */ = {isa = PBXBuildFile; fileRef = 8FBC638670FCD8FCA5F3A216 /* ProviderEditorView.swift */; };
		6EA4032C7498B05715111A9D /* AppStatusBadge.swift in Sources */ = {isa = PBXBuildFile; fileRef = 83D7DD93B7943C9055C6DA48 /* AppStatusBadge.swift */; };
		759958D2135BA30D6A018747 /* ChatListView.swift in Sources */ = {isa = PBXBuildFile; fileRef = B7F0332D5BD6BCE55D563C18 /* ChatListView.swift */; };
		7715B5E135494D3EC8EA58D2 /* MeetingsListView.swift in Sources */ = {isa = PBXBuildFile; fileRef = 8EC40048BF49E458C5338A49 /* MeetingsListView.swift */; };
		7A151FCDAFF7E184ED1F919B /* RecordingViewModel.swift in Sources */ = {isa = PBXBuildFile; fileRef = 11F2D0C195A67F03669C5765 /* RecordingViewModel.swift */; };
		7A1BCFA48364326BFB818D1E /* PrimaryActionButton.swift in Sources */ = {isa = PBXBuildFile; fileRef = 4B7C43279EE74EA698E4284D /* PrimaryActionButton.swift */; };
		876EC1BBA04D43B72D74D9C0 /* FileArtifactStore.swift in Sources */ = {isa = PBXBuildFile; fileRef = C24A26C8AFA535A3504D4D5B /* FileArtifactStore.swift */; };
		90DEA0A2D3C9D43AC2C1D0B0 /* HomeView.swift in Sources */ = {isa = PBXBuildFile; fileRef = FBBF1F833C2C6268366B6671 /* HomeView.swift */; };
		93D1872D5827A3DBDB40CCAE /* AppleSpeechTranscriptionEngine.swift in Sources */ = {isa = PBXBuildFile; fileRef = 7B54087E8A721C919FBFF440 /* AppleSpeechTranscriptionEngine.swift */; };
		9AD5A41232A5348337F4E46A /* AppDesign.swift in Sources */ = {isa = PBXBuildFile; fileRef = 20E2998EA822EE4AE9A9A516 /* AppDesign.swift */; };
		9B353D551EE9E92ACD1247EE /* WawaNoteApp.swift in Sources */ = {isa = PBXBuildFile; fileRef = 76CCCBF0094EADF2DA0FC9AB /* WawaNoteApp.swift */; };
		A2490406A77349B879E37058 /* MarkdownExporter.swift in Sources */ = {isa = PBXBuildFile; fileRef = 7F417875D012DAA646C50738 /* MarkdownExporter.swift */; };
		B4DF49EB17311406B9731D84 /* ProviderRouter.swift in Sources */ = {isa = PBXBuildFile; fileRef = 01DB988458CEAF4D8ACAD016 /* ProviderRouter.swift */; };
		B96E10B71EC07E4D994D46F1 /* SecureKeyStore.swift in Sources */ = {isa = PBXBuildFile; fileRef = A3FD3AEE0D481C3950558ADA /* SecureKeyStore.swift */; };
		C1F71CC87AC3D40E25379AD2 /* AudioCaptureService.swift in Sources */ = {isa = PBXBuildFile; fileRef = B59F685E926B6CA2EA17B13A /* AudioCaptureService.swift */; };
		C3F9BD71B219914B8AAE0ABE /* ContentView.swift in Sources */ = {isa = PBXBuildFile; fileRef = E0C9AB5D2E877D2F0F3FC93A /* ContentView.swift */; };
		CCFAB897CD66149EFA651951 /* MeetingAnalysis.swift in Sources */ = {isa = PBXBuildFile; fileRef = 09CC4F3B7260B7B261ADFB11 /* MeetingAnalysis.swift */; };
		D65A852DD993CCAFD57FCA9D /* RemoteTranscriptionEngine.swift in Sources */ = {isa = PBXBuildFile; fileRef = C05597EAF93E071CB80F6776 /* RemoteTranscriptionEngine.swift */; };
		E7AC5B8A7B6720CC63EDE4A0 /* MeetingDetailView.swift in Sources */ = {isa = PBXBuildFile; fileRef = 144076D40562786DB8E80894 /* MeetingDetailView.swift */; };
		E7BA8E7960AD2977767BB234 /* ProviderPickerView.swift in Sources */ = {isa = PBXBuildFile; fileRef = FDE499C4C6FBD48305E55385 /* ProviderPickerView.swift */; };
		E8243E4CB1A366F27379D5B5 /* Logging.swift in Sources */ = {isa = PBXBuildFile; fileRef = BE8DBE8C0AA1D37C4D3C63DC /* Logging.swift */; };
		E86F6A951D80471F64C8F051 /* ChatView.swift in Sources */ = {isa = PBXBuildFile; fileRef = EE9B0B6868B077405B4D0D7B /* ChatView.swift */; };
		EA1916AB46030687BABB947D /* AudioSessionManager.swift in Sources */ = {isa = PBXBuildFile; fileRef = BE604CBDF113F1871E5782FE /* AudioSessionManager.swift */; };
		F402AF399C306FCF8A3B03F7 /* TranscriptSegment.swift in Sources */ = {isa = PBXBuildFile; fileRef = DEF2F8E71E35C1C273843EF5 /* TranscriptSegment.swift */; };
/* End PBXBuildFile section */

/* Begin PBXContainerItemProxy section */
		FEFE1F576BAA07A8EA4C9BCE /* PBXContainerItemProxy */ = {
			isa = PBXContainerItemProxy;
			containerPortal = C0D8C6BD9DC27C691D7F4D40 /* Project object */;
			proxyType = 1;
			remoteGlobalIDString = FBF603A45B7E98AB42328908;
			remoteInfo = "wawa-note";
		};
/* End PBXContainerItemProxy section */

/* Begin PBXFileReference section */
		01DB988458CEAF4D8ACAD016 /* ProviderRouter.swift */ = {isa = PBXFileReference; lastKnownFileType = sourcecode.swift; path = ProviderRouter.swift; sourceTree = "<group>"; };
		09CC4F3B7260B7B261ADFB11 /* MeetingAnalysis.swift */ = {isa = PBXFileReference; lastKnownFileType = sourcecode.swift; path = MeetingAnalysis.swift; sourceTree = "<group>"; };
		11F2D0C195A67F03669C5765 /* RecordingViewModel.swift */ = {isa = PBXFileReference; lastKnownFileType = sourcecode.swift; path = RecordingViewModel.swift; sourceTree = "<group>"; };
		144076D40562786DB8E80894 /* MeetingDetailView.swift */ = {isa = PBXFileReference; lastKnownFileType = sourcecode.swift; path = MeetingDetailView.swift; sourceTree = "<group>"; };
		1BB9787774CF93ED4A680AB9 /* AIProvider.swift */ = {isa = PBXFileReference; lastKnownFileType = sourcecode.swift; path = AIProvider.swift; sourceTree = "<group>"; };
		20E2998EA822EE4AE9A9A516 /* AppDesign.swift */ = {isa = PBXFileReference; lastKnownFileType = sourcecode.swift; path = AppDesign.swift; sourceTree = "<group>"; };
		255B8684A5BF0D0D12033688 /* OpenAICompatibleProvider.swift */ = {isa = PBXFileReference; lastKnownFileType = sourcecode.swift; path = OpenAICompatibleProvider.swift; sourceTree = "<group>"; };
		2CCF082E9AB120A1FFC9563A /* ProviderConnectView.swift */ = {isa = PBXFileReference; lastKnownFileType = sourcecode.swift; path = ProviderConnectView.swift; sourceTree = "<group>"; };
		2CF0F37BF2684ED2F9B58CC3 /* SettingsView.swift */ = {isa = PBXFileReference; lastKnownFileType = sourcecode.swift; path = SettingsView.swift; sourceTree = "<group>"; };
		3381E273EE8165E6F7510686 /* Meeting.swift */ = {isa = PBXFileReference; lastKnownFileType = sourcecode.swift; path = Meeting.swift; sourceTree = "<group>"; };
		364C4442AE4FFEA777573BDF /* Info.plist */ = {isa = PBXFileReference; lastKnownFileType = text.plist; path = Info.plist; sourceTree = "<group>"; };
		399953D1B0F721773F328253 /* wawa-note.app */ = {isa = PBXFileReference; includeInIndex = 0; lastKnownFileType = wrapper.application; path = "wawa-note.app"; sourceTree = BUILT_PRODUCTS_DIR; };
		4B7C43279EE74EA698E4284D /* PrimaryActionButton.swift */ = {isa = PBXFileReference; lastKnownFileType = sourcecode.swift; path = PrimaryActionButton.swift; sourceTree = "<group>"; };
		7232D65E17087052EE11FFA8 /* SwiftDataModels.swift */ = {isa = PBXFileReference; lastKnownFileType = sourcecode.swift; path = SwiftDataModels.swift; sourceTree = "<group>"; };
		7394D93A2BF19F119E4FB10E /* Assets.xcassets */ = {isa = PBXFileReference; lastKnownFileType = folder.assetcatalog; path = Assets.xcassets; sourceTree = "<group>"; };
		76B40EFCCC4BDCA3C1C5D165 /* ProviderCard.swift */ = {isa = PBXFileReference; lastKnownFileType = sourcecode.swift; path = ProviderCard.swift; sourceTree = "<group>"; };
		76CCCBF0094EADF2DA0FC9AB /* WawaNoteApp.swift */ = {isa = PBXFileReference; lastKnownFileType = sourcecode.swift; path = WawaNoteApp.swift; sourceTree = "<group>"; };
		7B54087E8A721C919FBFF440 /* AppleSpeechTranscriptionEngine.swift */ = {isa = PBXFileReference; lastKnownFileType = sourcecode.swift; path = AppleSpeechTranscriptionEngine.swift; sourceTree = "<group>"; };
		7F417875D012DAA646C50738 /* MarkdownExporter.swift */ = {isa = PBXFileReference; lastKnownFileType = sourcecode.swift; path = MarkdownExporter.swift; sourceTree = "<group>"; };
		82620239935DFA90CA53D65F /* ChatModels.swift */ = {isa = PBXFileReference; lastKnownFileType = sourcecode.swift; path = ChatModels.swift; sourceTree = "<group>"; };
		832902E7908176DA271EE9E4 /* ProviderTemplates.swift */ = {isa = PBXFileReference; lastKnownFileType = sourcecode.swift; path = ProviderTemplates.swift; sourceTree = "<group>"; };
		83D7DD93B7943C9055C6DA48 /* AppStatusBadge.swift */ = {isa = PBXFileReference; lastKnownFileType = sourcecode.swift; path = AppStatusBadge.swift; sourceTree = "<group>"; };
		8EC40048BF49E458C5338A49 /* MeetingsListView.swift */ = {isa = PBXFileReference; lastKnownFileType = sourcecode.swift; path = MeetingsListView.swift; sourceTree = "<group>"; };
		8F15EECBF6224A79D93FC663 /* RecordView.swift */ = {isa = PBXFileReference; lastKnownFileType = sourcecode.swift; path = RecordView.swift; sourceTree = "<group>"; };
		8FBC638670FCD8FCA5F3A216 /* ProviderEditorView.swift */ = {isa = PBXFileReference; lastKnownFileType = sourcecode.swift; path = ProviderEditorView.swift; sourceTree = "<group>"; };
		92981F8A0A69E02E681C573A /* TranscriptionEngine.swift */ = {isa = PBXFileReference; lastKnownFileType = sourcecode.swift; path = TranscriptionEngine.swift; sourceTree = "<group>"; };
		A3FD3AEE0D481C3950558ADA /* SecureKeyStore.swift */ = {isa = PBXFileReference; lastKnownFileType = sourcecode.swift; path = SecureKeyStore.swift; sourceTree = "<group>"; };
		B1BC0FF333C9CE8F153C4CE4 /* ChatViewModel.swift */ = {isa = PBXFileReference; lastKnownFileType = sourcecode.swift; path = ChatViewModel.swift; sourceTree = "<group>"; };
		B59F685E926B6CA2EA17B13A /* AudioCaptureService.swift */ = {isa = PBXFileReference; lastKnownFileType = sourcecode.swift; path = AudioCaptureService.swift; sourceTree = "<group>"; };
		B757114323F71B2AD03A5586 /* EmptyStateView.swift */ = {isa = PBXFileReference; lastKnownFileType = sourcecode.swift; path = EmptyStateView.swift; sourceTree = "<group>"; };
		B7F0332D5BD6BCE55D563C18 /* ChatListView.swift */ = {isa = PBXFileReference; lastKnownFileType = sourcecode.swift; path = ChatListView.swift; sourceTree = "<group>"; };
		BE604CBDF113F1871E5782FE /* AudioSessionManager.swift */ = {isa = PBXFileReference; lastKnownFileType = sourcecode.swift; path = AudioSessionManager.swift; sourceTree = "<group>"; };
		BE8DBE8C0AA1D37C4D3C63DC /* Logging.swift */ = {isa = PBXFileReference; lastKnownFileType = sourcecode.swift; path = Logging.swift; sourceTree = "<group>"; };
		C05597EAF93E071CB80F6776 /* RemoteTranscriptionEngine.swift */ = {isa = PBXFileReference; lastKnownFileType = sourcecode.swift; path = RemoteTranscriptionEngine.swift; sourceTree = "<group>"; };
		C24A26C8AFA535A3504D4D5B /* FileArtifactStore.swift */ = {isa = PBXFileReference; lastKnownFileType = sourcecode.swift; path = FileArtifactStore.swift; sourceTree = "<group>"; };
		C4EAB7C1FE1601DD8473DBF4 /* AudioFileWriter.swift */ = {isa = PBXFileReference; lastKnownFileType = sourcecode.swift; path = AudioFileWriter.swift; sourceTree = "<group>"; };
		CBF6ECE4B370149D2C8C5E51 /* wawa-noteTests.xctest */ = {isa = PBXFileReference; includeInIndex = 0; lastKnownFileType = wrapper.cfbundle; path = "wawa-noteTests.xctest"; sourceTree = BUILT_PRODUCTS_DIR; };
		CD5A4576EC468417CFB0CF5A /* ChatDataModels.swift */ = {isa = PBXFileReference; lastKnownFileType = sourcecode.swift; path = ChatDataModels.swift; sourceTree = "<group>"; };
		D4DE34831F1FE972A9B5D6AF /* AudioPlaybackService.swift */ = {isa = PBXFileReference; lastKnownFileType = sourcecode.swift; path = AudioPlaybackService.swift; sourceTree = "<group>"; };
		DEF2F8E71E35C1C273843EF5 /* TranscriptSegment.swift */ = {isa = PBXFileReference; lastKnownFileType = sourcecode.swift; path = TranscriptSegment.swift; sourceTree = "<group>"; };
		E0C9AB5D2E877D2F0F3FC93A /* ContentView.swift */ = {isa = PBXFileReference; lastKnownFileType = sourcecode.swift; path = ContentView.swift; sourceTree = "<group>"; };
		E2D668D48F1992BA24FE7E81 /* JSONExporter.swift */ = {isa = PBXFileReference; lastKnownFileType = sourcecode.swift; path = JSONExporter.swift; sourceTree = "<group>"; };
		E8DB1AF126EA25694D111839 /* AnalysisService.swift */ = {isa = PBXFileReference; lastKnownFileType = sourcecode.swift; path = AnalysisService.swift; sourceTree = "<group>"; };
		EE9B0B6868B077405B4D0D7B /* ChatView.swift */ = {isa = PBXFileReference; lastKnownFileType = sourcecode.swift; path = ChatView.swift; sourceTree = "<group>"; };
		F939867A8E44FB5F3697E7E3 /* AIProviderConfig.swift */ = {isa = PBXFileReference; lastKnownFileType = sourcecode.swift; path = AIProviderConfig.swift; sourceTree = "<group>"; };
		FBBF1F833C2C6268366B6671 /* HomeView.swift */ = {isa = PBXFileReference; lastKnownFileType = sourcecode.swift; path = HomeView.swift; sourceTree = "<group>"; };
		FDE499C4C6FBD48305E55385 /* ProviderPickerView.swift */ = {isa = PBXFileReference; lastKnownFileType = sourcecode.swift; path = ProviderPickerView.swift; sourceTree = "<group>"; };
/* End PBXFileReference section */

/* Begin PBXGroup section */
		00664374D3E8FC0BF8D33C6D /* Home */ = {
			isa = PBXGroup;
			children = (
				FBBF1F833C2C6268366B6671 /* HomeView.swift */,
			);
			path = Home;
			sourceTree = "<group>";
		};
		0BE5951123F661B22DF3E61C /* Meetings */ = {
			isa = PBXGroup;
			children = (
				144076D40562786DB8E80894 /* MeetingDetailView.swift */,
				8EC40048BF49E458C5338A49 /* MeetingsListView.swift */,
			);
			path = Meetings;
			sourceTree = "<group>";
		};
		26FD2DBE03C74ABED0CE2688 /* Recording */ = {
			isa = PBXGroup;
			children = (
				11F2D0C195A67F03669C5765 /* RecordingViewModel.swift */,
				8F15EECBF6224A79D93FC663 /* RecordView.swift */,
			);
			path = Recording;
			sourceTree = "<group>";
		};
		2B5D7523644179A163AD8512 /* App */ = {
			isa = PBXGroup;
			children = (
				76CCCBF0094EADF2DA0FC9AB /* WawaNoteApp.swift */,
			);
			path = App;
			sourceTree = "<group>";
		};
		3E34D58229EA199914EC8A56 /* wawa-note */ = {
			isa = PBXGroup;
			children = (
				2B5D7523644179A163AD8512 /* App */,
				9C77F36FCE0A3C6FE244D2DD /* Audio */,
				E204C1AD0939BB2A350B5D28 /* Domain */,
				91A8C34BC400EA83E002F766 /* Ecosystem */,
				3FAD7B1A2EB1D06F0A985228 /* Providers */,
				5FC72988FCA772736CA66764 /* Resources */,
				70C554102E2B08BA05F32F35 /* Storage */,
				5658D0C2EE3DE4DB9CF2F8F9 /* Transcription */,
				A68D67E0D26E03A2CCC68044 /* UI */,
				AB10E964F4B1F450B05263A2 /* Utilities */,
			);
			path = "wawa-note";
			sourceTree = "<group>";
		};
		3FAD7B1A2EB1D06F0A985228 /* Providers */ = {
			isa = PBXGroup;
			children = (
				1BB9787774CF93ED4A680AB9 /* AIProvider.swift */,
				255B8684A5BF0D0D12033688 /* OpenAICompatibleProvider.swift */,
				01DB988458CEAF4D8ACAD016 /* ProviderRouter.swift */,
			);
			path = Providers;
			sourceTree = "<group>";
		};
		4AD091DD57E7D5B9A2FE4F65 /* Settings */ = {
			isa = PBXGroup;
			children = (
				76B40EFCCC4BDCA3C1C5D165 /* ProviderCard.swift */,
				2CCF082E9AB120A1FFC9563A /* ProviderConnectView.swift */,
				8FBC638670FCD8FCA5F3A216 /* ProviderEditorView.swift */,
				FDE499C4C6FBD48305E55385 /* ProviderPickerView.swift */,
				832902E7908176DA271EE9E4 /* ProviderTemplates.swift */,
				2CF0F37BF2684ED2F9B58CC3 /* SettingsView.swift */,
			);
			path = Settings;
			sourceTree = "<group>";
		};
		52539A30F619B06F5508CD61 /* Chat */ = {
			isa = PBXGroup;
			children = (
				B7F0332D5BD6BCE55D563C18 /* ChatListView.swift */,
				EE9B0B6868B077405B4D0D7B /* ChatView.swift */,
				B1BC0FF333C9CE8F153C4CE4 /* ChatViewModel.swift */,
			);
			path = Chat;
			sourceTree = "<group>";
		};
		5658D0C2EE3DE4DB9CF2F8F9 /* Transcription */ = {
			isa = PBXGroup;
			children = (
				7B54087E8A721C919FBFF440 /* AppleSpeechTranscriptionEngine.swift */,
				C05597EAF93E071CB80F6776 /* RemoteTranscriptionEngine.swift */,
				92981F8A0A69E02E681C573A /* TranscriptionEngine.swift */,
			);
			path = Transcription;
			sourceTree = "<group>";
		};
		5FC72988FCA772736CA66764 /* Resources */ = {
			isa = PBXGroup;
			children = (
				7394D93A2BF19F119E4FB10E /* Assets.xcassets */,
				364C4442AE4FFEA777573BDF /* Info.plist */,
			);
			path = Resources;
			sourceTree = "<group>";
		};
		70C554102E2B08BA05F32F35 /* Storage */ = {
			isa = PBXGroup;
			children = (
				C24A26C8AFA535A3504D4D5B /* FileArtifactStore.swift */,
				A3FD3AEE0D481C3950558ADA /* SecureKeyStore.swift */,
			);
			path = Storage;
			sourceTree = "<group>";
		};
		74EC1214520DB951ADFBEEFB /* Products */ = {
			isa = PBXGroup;
			children = (
				399953D1B0F721773F328253 /* wawa-note.app */,
				CBF6ECE4B370149D2C8C5E51 /* wawa-noteTests.xctest */,
			);
			name = Products;
			sourceTree = "<group>";
		};
		91A8C34BC400EA83E002F766 /* Ecosystem */ = {
			isa = PBXGroup;
			children = (
				E2D668D48F1992BA24FE7E81 /* JSONExporter.swift */,
				7F417875D012DAA646C50738 /* MarkdownExporter.swift */,
			);
			path = Ecosystem;
			sourceTree = "<group>";
		};
		9C77F36FCE0A3C6FE244D2DD /* Audio */ = {
			isa = PBXGroup;
			children = (
				B59F685E926B6CA2EA17B13A /* AudioCaptureService.swift */,
				C4EAB7C1FE1601DD8473DBF4 /* AudioFileWriter.swift */,
				D4DE34831F1FE972A9B5D6AF /* AudioPlaybackService.swift */,
				BE604CBDF113F1871E5782FE /* AudioSessionManager.swift */,
			);
			path = Audio;
			sourceTree = "<group>";
		};
		A68D67E0D26E03A2CCC68044 /* UI */ = {
			isa = PBXGroup;
			children = (
				52539A30F619B06F5508CD61 /* Chat */,
				DCA887627EB6B42A71E62B77 /* Components */,
				00664374D3E8FC0BF8D33C6D /* Home */,
				0BE5951123F661B22DF3E61C /* Meetings */,
				26FD2DBE03C74ABED0CE2688 /* Recording */,
				4AD091DD57E7D5B9A2FE4F65 /* Settings */,
			);
			path = UI;
			sourceTree = "<group>";
		};
		A789C9D95D784D8485939E93 /* Models */ = {
			isa = PBXGroup;
			children = (
				F939867A8E44FB5F3697E7E3 /* AIProviderConfig.swift */,
				CD5A4576EC468417CFB0CF5A /* ChatDataModels.swift */,
				82620239935DFA90CA53D65F /* ChatModels.swift */,
				3381E273EE8165E6F7510686 /* Meeting.swift */,
				09CC4F3B7260B7B261ADFB11 /* MeetingAnalysis.swift */,
				7232D65E17087052EE11FFA8 /* SwiftDataModels.swift */,
				DEF2F8E71E35C1C273843EF5 /* TranscriptSegment.swift */,
			);
			path = Models;
			sourceTree = "<group>";
		};
		AB10E964F4B1F450B05263A2 /* Utilities */ = {
			isa = PBXGroup;
			children = (
				20E2998EA822EE4AE9A9A516 /* AppDesign.swift */,
				BE8DBE8C0AA1D37C4D3C63DC /* Logging.swift */,
			);
			path = Utilities;
			sourceTree = "<group>";
		};
		B0A4FA3CD8C9B3602C6B4C63 = {
			isa = PBXGroup;
			children = (
				3E34D58229EA199914EC8A56 /* wawa-note */,
				74EC1214520DB951ADFBEEFB /* Products */,
			);
			sourceTree = "<group>";
		};
		DCA887627EB6B42A71E62B77 /* Components */ = {
			isa = PBXGroup;
			children = (
				83D7DD93B7943C9055C6DA48 /* AppStatusBadge.swift */,
				E0C9AB5D2E877D2F0F3FC93A /* ContentView.swift */,
				B757114323F71B2AD03A5586 /* EmptyStateView.swift */,
				4B7C43279EE74EA698E4284D /* PrimaryActionButton.swift */,
			);
			path = Components;
			sourceTree = "<group>";
		};
		DE0D7E2542F5166E79F51210 /* Services */ = {
			isa = PBXGroup;
			children = (
				E8DB1AF126EA25694D111839 /* AnalysisService.swift */,
			);
			path = Services;
			sourceTree = "<group>";
		};
		E204C1AD0939BB2A350B5D28 /* Domain */ = {
			isa = PBXGroup;
			children = (
				A789C9D95D784D8485939E93 /* Models */,
				DE0D7E2542F5166E79F51210 /* Services */,
			);
			path = Domain;
			sourceTree = "<group>";
		};
/* End PBXGroup section */

/* Begin PBXNativeTarget section */
		B96C7082C5E86A010A279726 /* wawa-noteTests */ = {
			isa = PBXNativeTarget;
			buildConfigurationList = 49384C3C1AE2EC11139B54EB /* Build configuration list for PBXNativeTarget "wawa-noteTests" */;
			buildPhases = (
				1A9CC40FA0E5B348D4A187A2 /* Sources */,
			);
			buildRules = (
			);
			dependencies = (
				00B9577A2F7EA3CAB56F2405 /* PBXTargetDependency */,
			);
			name = "wawa-noteTests";
			packageProductDependencies = (
			);
			productName = "wawa-noteTests";
			productReference = CBF6ECE4B370149D2C8C5E51 /* wawa-noteTests.xctest */;
			productType = "com.apple.product-type.bundle.unit-test";
		};
		FBF603A45B7E98AB42328908 /* wawa-note */ = {
			isa = PBXNativeTarget;
			buildConfigurationList = D93B00A7E849073EA948C29B /* Build configuration list for PBXNativeTarget "wawa-note" */;
			buildPhases = (
				925FDD3F1A1346C6720D64A2 /* Sources */,
				F1B74605C0F11543E6C7409B /* Resources */,
			);
			buildRules = (
			);
			dependencies = (
			);
			name = "wawa-note";
			packageProductDependencies = (
			);
			productName = "wawa-note";
			productReference = 399953D1B0F721773F328253 /* wawa-note.app */;
			productType = "com.apple.product-type.application";
		};
/* End PBXNativeTarget section */

/* Begin PBXProject section */
		C0D8C6BD9DC27C691D7F4D40 /* Project object */ = {
			isa = PBXProject;
			attributes = {
				BuildIndependentTargetsInParallel = YES;
				LastUpgradeCheck = 2650;
				TargetAttributes = {
				};
			};
			buildConfigurationList = 02FCF301593EFCABBDDF02D0 /* Build configuration list for PBXProject "wawa-note" */;
			developmentRegion = en;
			hasScannedForEncodings = 0;
			knownRegions = (
				Base,
				en,
			);
			mainGroup = B0A4FA3CD8C9B3602C6B4C63;
			minimizedProjectReferenceProxies = 1;
			preferredProjectObjectVersion = 77;
			productRefGroup = 74EC1214520DB951ADFBEEFB /* Products */;
			projectDirPath = "";
			projectRoot = "";
			targets = (
				FBF603A45B7E98AB42328908 /* wawa-note */,
				B96C7082C5E86A010A279726 /* wawa-noteTests */,
			);
		};
/* End PBXProject section */

/* Begin PBXResourcesBuildPhase section */
		F1B74605C0F11543E6C7409B /* Resources */ = {
			isa = PBXResourcesBuildPhase;
			buildActionMask = 2147483647;
			files = (
				4859FF5D6289B629A3A7DBA5 /* Assets.xcassets in Resources */,
			);
			runOnlyForDeploymentPostprocessing = 0;
		};
/* End PBXResourcesBuildPhase section */

/* Begin PBXSourcesBuildPhase section */
		1A9CC40FA0E5B348D4A187A2 /* Sources */ = {
			isa = PBXSourcesBuildPhase;
			buildActionMask = 2147483647;
			files = (
			);
			runOnlyForDeploymentPostprocessing = 0;
		};
		925FDD3F1A1346C6720D64A2 /* Sources */ = {
			isa = PBXSourcesBuildPhase;
			buildActionMask = 2147483647;
			files = (
				2802252097D1041955294114 /* AIProvider.swift in Sources */,
				12B30938F8CC9346FBF48B3C /* AIProviderConfig.swift in Sources */,
				5B65FBB510F9527769B0ECE8 /* AnalysisService.swift in Sources */,
				9AD5A41232A5348337F4E46A /* AppDesign.swift in Sources */,
				6EA4032C7498B05715111A9D /* AppStatusBadge.swift in Sources */,
				93D1872D5827A3DBDB40CCAE /* AppleSpeechTranscriptionEngine.swift in Sources */,
				C1F71CC87AC3D40E25379AD2 /* AudioCaptureService.swift in Sources */,
				4C9AAD69BD289F535AFC2AB1 /* AudioFileWriter.swift in Sources */,
				54628D8C5394C85795435F45 /* AudioPlaybackService.swift in Sources */,
				EA1916AB46030687BABB947D /* AudioSessionManager.swift in Sources */,
				10B51903CF2941BD8D85649C /* ChatDataModels.swift in Sources */,
				759958D2135BA30D6A018747 /* ChatListView.swift in Sources */,
				4960EFFDC330AFA44B5E1766 /* ChatModels.swift in Sources */,
				E86F6A951D80471F64C8F051 /* ChatView.swift in Sources */,
				2C04D6013E4B7FC8464BCC9C /* ChatViewModel.swift in Sources */,
				C3F9BD71B219914B8AAE0ABE /* ContentView.swift in Sources */,
				0A484AC39EFFBEF58EE76E12 /* EmptyStateView.swift in Sources */,
				876EC1BBA04D43B72D74D9C0 /* FileArtifactStore.swift in Sources */,
				90DEA0A2D3C9D43AC2C1D0B0 /* HomeView.swift in Sources */,
				2E4F2BAE8292BD5C534868EC /* JSONExporter.swift in Sources */,
				E8243E4CB1A366F27379D5B5 /* Logging.swift in Sources */,
				A2490406A77349B879E37058 /* MarkdownExporter.swift in Sources */,
				221F7FCF713B1C07752EC989 /* Meeting.swift in Sources */,
				CCFAB897CD66149EFA651951 /* MeetingAnalysis.swift in Sources */,
				E7AC5B8A7B6720CC63EDE4A0 /* MeetingDetailView.swift in Sources */,
				7715B5E135494D3EC8EA58D2 /* MeetingsListView.swift in Sources */,
				0AE61FA497F42883C78A9834 /* OpenAICompatibleProvider.swift in Sources */,
				7A1BCFA48364326BFB818D1E /* PrimaryActionButton.swift in Sources */,
				46F74F9267740AE41DDFD437 /* ProviderCard.swift in Sources */,
				445AA0F12B8209D6F11A6A4E /* ProviderConnectView.swift in Sources */,
				69B8E6420F6946E9F47AB07E /* ProviderEditorView.swift in Sources */,
				E7BA8E7960AD2977767BB234 /* ProviderPickerView.swift in Sources */,
				B4DF49EB17311406B9731D84 /* ProviderRouter.swift in Sources */,
				4AFCC0EF21E9853BF95F50FA /* ProviderTemplates.swift in Sources */,
				5C1098429C228635F15A2FE5 /* RecordView.swift in Sources */,
				7A151FCDAFF7E184ED1F919B /* RecordingViewModel.swift in Sources */,
				D65A852DD993CCAFD57FCA9D /* RemoteTranscriptionEngine.swift in Sources */,
				B96E10B71EC07E4D994D46F1 /* SecureKeyStore.swift in Sources */,
				07A99EC0F9960AA5B7C99E4E /* SettingsView.swift in Sources */,
				6810CC7AB6BF2329C07396CA /* SwiftDataModels.swift in Sources */,
				F402AF399C306FCF8A3B03F7 /* TranscriptSegment.swift in Sources */,
				0F94E1288165FAAB4DC3A1CA /* TranscriptionEngine.swift in Sources */,
				9B353D551EE9E92ACD1247EE /* WawaNoteApp.swift in Sources */,
			);
			runOnlyForDeploymentPostprocessing = 0;
		};
/* End PBXSourcesBuildPhase section */

/* Begin PBXTargetDependency section */
		00B9577A2F7EA3CAB56F2405 /* PBXTargetDependency */ = {
			isa = PBXTargetDependency;
			target = FBF603A45B7E98AB42328908 /* wawa-note */;
			targetProxy = FEFE1F576BAA07A8EA4C9BCE /* PBXContainerItemProxy */;
		};
/* End PBXTargetDependency section */

/* Begin XCBuildConfiguration section */
		11CC3B1EE5FCFAADF2F443D0 /* Debug */ = {
			isa = XCBuildConfiguration;
			buildSettings = {
				BUNDLE_LOADER = "$(TEST_HOST)";
				GENERATE_INFOPLIST_FILE = YES;
				IPHONEOS_DEPLOYMENT_TARGET = 17.0;
				LD_RUNPATH_SEARCH_PATHS = (
					"$(inherited)",
					"@executable_path/Frameworks",
					"@loader_path/Frameworks",
				);
				PRODUCT_BUNDLE_IDENTIFIER = "com.wawa-note.tests";
				SDKROOT = iphoneos;
				TARGETED_DEVICE_FAMILY = "1,2";
				TEST_HOST = "$(BUILT_PRODUCTS_DIR)/wawa-note.app/wawa-note";
			};
			name = Debug;
		};
		50DBBB4D4418D4D70D055D98 /* Debug */ = {
			isa = XCBuildConfiguration;
			buildSettings = {
				ALWAYS_SEARCH_USER_PATHS = NO;
				CLANG_ANALYZER_NONNULL = YES;
				CLANG_ANALYZER_NUMBER_OBJECT_CONVERSION = YES_AGGRESSIVE;
				CLANG_CXX_LANGUAGE_STANDARD = "gnu++14";
				CLANG_CXX_LIBRARY = "libc++";
				CLANG_ENABLE_MODULES = YES;
				CLANG_ENABLE_OBJC_ARC = YES;
				CLANG_ENABLE_OBJC_WEAK = YES;
				CLANG_WARN_BLOCK_CAPTURE_AUTORELEASING = YES;
				CLANG_WARN_BOOL_CONVERSION = YES;
				CLANG_WARN_COMMA = YES;
				CLANG_WARN_CONSTANT_CONVERSION = YES;
				CLANG_WARN_DEPRECATED_OBJC_IMPLEMENTATIONS = YES;
				CLANG_WARN_DIRECT_OBJC_ISA_USAGE = YES_ERROR;
				CLANG_WARN_DOCUMENTATION_COMMENTS = YES;
				CLANG_WARN_EMPTY_BODY = YES;
				CLANG_WARN_ENUM_CONVERSION = YES;
				CLANG_WARN_INFINITE_RECURSION = YES;
				CLANG_WARN_INT_CONVERSION = YES;
				CLANG_WARN_NON_LITERAL_NULL_CONVERSION = YES;
				CLANG_WARN_OBJC_IMPLICIT_RETAIN_SELF = YES;
				CLANG_WARN_OBJC_LITERAL_CONVERSION = YES;
				CLANG_WARN_OBJC_ROOT_CLASS = YES_ERROR;
				CLANG_WARN_QUOTED_INCLUDE_IN_FRAMEWORK_HEADER = YES;
				CLANG_WARN_RANGE_LOOP_ANALYSIS = YES;
				CLANG_WARN_STRICT_PROTOTYPES = YES;
				CLANG_WARN_SUSPICIOUS_MOVE = YES;
				CLANG_WARN_UNGUARDED_AVAILABILITY = YES_AGGRESSIVE;
				CLANG_WARN_UNREACHABLE_CODE = YES;
				CLANG_WARN__DUPLICATE_METHOD_MATCH = YES;
				COPY_PHASE_STRIP = NO;
				DEBUG_INFORMATION_FORMAT = dwarf;
				ENABLE_STRICT_OBJC_MSGSEND = YES;
				ENABLE_TESTABILITY = YES;
				GCC_C_LANGUAGE_STANDARD = gnu11;
				GCC_DYNAMIC_NO_PIC = NO;
				GCC_NO_COMMON_BLOCKS = YES;
				GCC_OPTIMIZATION_LEVEL = 0;
				GCC_PREPROCESSOR_DEFINITIONS = (
					"$(inherited)",
					"DEBUG=1",
				);
				GCC_WARN_64_TO_32_BIT_CONVERSION = YES;
				GCC_WARN_ABOUT_RETURN_TYPE = YES_ERROR;
				GCC_WARN_UNDECLARED_SELECTOR = YES;
				GCC_WARN_UNINITIALIZED_AUTOS = YES_AGGRESSIVE;
				GCC_WARN_UNUSED_FUNCTION = YES;
				GCC_WARN_UNUSED_VARIABLE = YES;
				IPHONEOS_DEPLOYMENT_TARGET = 17.0;
				MTL_ENABLE_DEBUG_INFO = INCLUDE_SOURCE;
				MTL_FAST_MATH = YES;
				ONLY_ACTIVE_ARCH = YES;
				PRODUCT_NAME = "$(TARGET_NAME)";
				SDKROOT = iphoneos;
				SWIFT_ACTIVE_COMPILATION_CONDITIONS = DEBUG;
				SWIFT_OPTIMIZATION_LEVEL = "-Onone";
				SWIFT_VERSION = 6.0;
			};
			name = Debug;
		};
		67D57EC58ABE338417678B81 /* Release */ = {
			isa = XCBuildConfiguration;
			buildSettings = {
				BUNDLE_LOADER = "$(TEST_HOST)";
				GENERATE_INFOPLIST_FILE = YES;
				IPHONEOS_DEPLOYMENT_TARGET = 17.0;
				LD_RUNPATH_SEARCH_PATHS = (
					"$(inherited)",
					"@executable_path/Frameworks",
					"@loader_path/Frameworks",
				);
				PRODUCT_BUNDLE_IDENTIFIER = "com.wawa-note.tests";
				SDKROOT = iphoneos;
				TARGETED_DEVICE_FAMILY = "1,2";
				TEST_HOST = "$(BUILT_PRODUCTS_DIR)/wawa-note.app/wawa-note";
			};
			name = Release;
		};
		AFE5DF076B2686F7F68D041F /* Release */ = {
			isa = XCBuildConfiguration;
			buildSettings = {
				ALWAYS_SEARCH_USER_PATHS = NO;
				CLANG_ANALYZER_NONNULL = YES;
				CLANG_ANALYZER_NUMBER_OBJECT_CONVERSION = YES_AGGRESSIVE;
				CLANG_CXX_LANGUAGE_STANDARD = "gnu++14";
				CLANG_CXX_LIBRARY = "libc++";
				CLANG_ENABLE_MODULES = YES;
				CLANG_ENABLE_OBJC_ARC = YES;
				CLANG_ENABLE_OBJC_WEAK = YES;
				CLANG_WARN_BLOCK_CAPTURE_AUTORELEASING = YES;
				CLANG_WARN_BOOL_CONVERSION = YES;
				CLANG_WARN_COMMA = YES;
				CLANG_WARN_CONSTANT_CONVERSION = YES;
				CLANG_WARN_DEPRECATED_OBJC_IMPLEMENTATIONS = YES;
				CLANG_WARN_DIRECT_OBJC_ISA_USAGE = YES_ERROR;
				CLANG_WARN_DOCUMENTATION_COMMENTS = YES;
				CLANG_WARN_EMPTY_BODY = YES;
				CLANG_WARN_ENUM_CONVERSION = YES;
				CLANG_WARN_INFINITE_RECURSION = YES;
				CLANG_WARN_INT_CONVERSION = YES;
				CLANG_WARN_NON_LITERAL_NULL_CONVERSION = YES;
				CLANG_WARN_OBJC_IMPLICIT_RETAIN_SELF = YES;
				CLANG_WARN_OBJC_LITERAL_CONVERSION = YES;
				CLANG_WARN_OBJC_ROOT_CLASS = YES_ERROR;
				CLANG_WARN_QUOTED_INCLUDE_IN_FRAMEWORK_HEADER = YES;
				CLANG_WARN_RANGE_LOOP_ANALYSIS = YES;
				CLANG_WARN_STRICT_PROTOTYPES = YES;
				CLANG_WARN_SUSPICIOUS_MOVE = YES;
				CLANG_WARN_UNGUARDED_AVAILABILITY = YES_AGGRESSIVE;
				CLANG_WARN_UNREACHABLE_CODE = YES;
				CLANG_WARN__DUPLICATE_METHOD_MATCH = YES;
				COPY_PHASE_STRIP = NO;
				DEBUG_INFORMATION_FORMAT = "dwarf-with-dsym";
				ENABLE_NS_ASSERTIONS = NO;
				ENABLE_STRICT_OBJC_MSGSEND = YES;
				GCC_C_LANGUAGE_STANDARD = gnu11;
				GCC_NO_COMMON_BLOCKS = YES;
				GCC_WARN_64_TO_32_BIT_CONVERSION = YES;
				GCC_WARN_ABOUT_RETURN_TYPE = YES_ERROR;
				GCC_WARN_UNDECLARED_SELECTOR = YES;
				GCC_WARN_UNINITIALIZED_AUTOS = YES_AGGRESSIVE;
				GCC_WARN_UNUSED_FUNCTION = YES;
				GCC_WARN_UNUSED_VARIABLE = YES;
				IPHONEOS_DEPLOYMENT_TARGET = 17.0;
				MTL_ENABLE_DEBUG_INFO = NO;
				MTL_FAST_MATH = YES;
				PRODUCT_NAME = "$(TARGET_NAME)";
				SDKROOT = iphoneos;
				SWIFT_COMPILATION_MODE = wholemodule;
				SWIFT_OPTIMIZATION_LEVEL = "-O";
				SWIFT_VERSION = 6.0;
			};
			name = Release;
		};
		C663DB99B6EBE03E55C9C0E5 /* Debug */ = {
			isa = XCBuildConfiguration;
			buildSettings = {
				ASSETCATALOG_COMPILER_APPICON_NAME = AppIcon;
				CODE_SIGN_IDENTITY = "iPhone Developer";
				ENABLE_PREVIEWS = YES;
				GENERATE_INFOPLIST_FILE = NO;
				INFOPLIST_FILE = "wawa-note/Resources/Info.plist";
				IPHONEOS_DEPLOYMENT_TARGET = 17.0;
				LD_RUNPATH_SEARCH_PATHS = (
					"$(inherited)",
					"@executable_path/Frameworks",
				);
				PRODUCT_BUNDLE_IDENTIFIER = "com.wawa-note";
				PRODUCT_NAME = "Wawa Note";
				SDKROOT = iphoneos;
				SUPPORTS_MAC_DESIGNED_FOR_IPHONE_IPAD = NO;
				SUPPORTS_XR_DESIGNED_FOR_IPHONE_IPAD = NO;
				TARGETED_DEVICE_FAMILY = 1;
			};
			name = Debug;
		};
		F4BDFA9AB8E0F2108DB00B35 /* Release */ = {
			isa = XCBuildConfiguration;
			buildSettings = {
				ASSETCATALOG_COMPILER_APPICON_NAME = AppIcon;
				CODE_SIGN_IDENTITY = "iPhone Developer";
				ENABLE_PREVIEWS = YES;
				GENERATE_INFOPLIST_FILE = NO;
				INFOPLIST_FILE = "wawa-note/Resources/Info.plist";
				IPHONEOS_DEPLOYMENT_TARGET = 17.0;
				LD_RUNPATH_SEARCH_PATHS = (
					"$(inherited)",
					"@executable_path/Frameworks",
				);
				PRODUCT_BUNDLE_IDENTIFIER = "com.wawa-note";
				PRODUCT_NAME = "Wawa Note";
				SDKROOT = iphoneos;
				SUPPORTS_MAC_DESIGNED_FOR_IPHONE_IPAD = NO;
				SUPPORTS_XR_DESIGNED_FOR_IPHONE_IPAD = NO;
				TARGETED_DEVICE_FAMILY = 1;
			};
			name = Release;
		};
/* End XCBuildConfiguration section */

/* Begin XCConfigurationList section */
		02FCF301593EFCABBDDF02D0 /* Build configuration list for PBXProject "wawa-note" */ = {
			isa = XCConfigurationList;
			buildConfigurations = (
				50DBBB4D4418D4D70D055D98 /* Debug */,
				AFE5DF076B2686F7F68D041F /* Release */,
			);
			defaultConfigurationIsVisible = 0;
			defaultConfigurationName = Debug;
		};
		49384C3C1AE2EC11139B54EB /* Build configuration list for PBXNativeTarget "wawa-noteTests" */ = {
			isa = XCConfigurationList;
			buildConfigurations = (
				11CC3B1EE5FCFAADF2F443D0 /* Debug */,
				67D57EC58ABE338417678B81 /* Release */,
			);
			defaultConfigurationIsVisible = 0;
			defaultConfigurationName = Debug;
		};
		D93B00A7E849073EA948C29B /* Build configuration list for PBXNativeTarget "wawa-note" */ = {
			isa = XCConfigurationList;
			buildConfigurations = (
				C663DB99B6EBE03E55C9C0E5 /* Debug */,
				F4BDFA9AB8E0F2108DB00B35 /* Release */,
			);
			defaultConfigurationIsVisible = 0;
			defaultConfigurationName = Debug;
		};
/* End XCConfigurationList section */
	};
	rootObject = C0D8C6BD9DC27C691D7F4D40 /* Project object */;
}
